
Microsoft Visual Studio Solution File, Format Version 12.00
# Visual Studio 15
VisualStudioVersion = 15.0.26730.16
MinimumVisualStudioVersion = 10.0.40219.1
Project("{FAE04EC0-301F-11D3-BF4B-00C04F79EFBC}") = "DesignPatterns.Patterns.Singleton.Basic", "Patterns\Singleton\DesignPatterns.Patterns.BasicSingleton\DesignPatterns.Patterns.Singleton.Basic.csproj", "{C6373FAA-E43F-4A7D-BB7A-924408203F29}"
EndProject
Project("{FAE04EC0-301F-11D3-BF4B-00C04F79EFBC}") = "DesignPatterns.Patterns.Singleton.Config", "Patterns\Singleton\DesignPatterns.Patterns.Singleton.Config\DesignPatterns.Patterns.Singleton.Config.csproj", "{A3E6D29B-BBC5-4EF2-A2C5-91752D44F1D9}"
EndProject
Project("{FAE04EC0-301F-11D3-BF4B-00C04F79EFBC}") = "DesignPatterns.Patterns.FactoryMethod", "Patterns\FactoryMethod\DesignPatterns.Patterns.FactoryMethod\DesignPatterns.Patterns.FactoryMethod.csproj", "{5992C3A1-B333-4161-B2B4-CE62105708BF}"
EndProject
Project("{FAE04EC0-301F-11D3-BF4B-00C04F79EFBC}") = "DesignPatterns.Patterns.AbstractFactory", "Patterns\AbstractFactory\DesignPatterns.Patterns.AbstractFactory\DesignPatterns.Patterns.AbstractFactory.csproj", "{1173F777-B3A6-4C06-A45B-BB72F5E1E1BE}"
EndProject
Project("{FAE04EC0-301F-11D3-BF4B-00C04F79EFBC}") = "DesignPatterns.Patterns.Prototype", "Patterns\Prototype\DesignPatterns.Patterns.Prototype\DesignPatterns.Patterns.Prototype.csproj", "{919F67A9-C1CD-45D2-84C4-ACC920AE8CD8}"
EndProject
Project("{FAE04EC0-301F-11D3-BF4B-00C04F79EFBC}") = "DesignPatterns.Patterns.Builder", "Patterns\Builder\DesignPatterns.Patterns.Builder\DesignPatterns.Patterns.Builder.csproj", "{E8605804-7C6B-4B40-AD7D-10568743B9D7}"
EndProject
Project("{FAE04EC0-301F-11D3-BF4B-00C04F79EFBC}") = "DesignPatterns.Patterns.Adapter", "Patterns\Adapter\DesignPatterns.Patterns.Adapter\DesignPatterns.Patterns.Adapter.csproj", "{88E3F42C-C580-4E06-B672-B01703211C10}"
EndProject
Project("{FAE04EC0-301F-11D3-BF4B-00C04F79EFBC}") = "DesignPatterns.Patterns.Bridge", "Patterns\Bridge\DesignPatterns.Patterns.Bridge\DesignPatterns.Patterns.Bridge.csproj", "{C8E438E7-DE0F-4F4F-9485-D48FD5C5F6E9}"
EndProject
Project("{FAE04EC0-301F-11D3-BF4B-00C04F79EFBC}") = "DesignPatterns.Patterns.Bridge_2", "Patterns\Bridge\DesignPatterns.Patterns.Bridge_2\DesignPatterns.Patterns.Bridge_2.csproj", "{31C08449-C95D-46C7-9185-71EEF7B3E08A}"
EndProject
Project("{FAE04EC0-301F-11D3-BF4B-00C04F79EFBC}") = "DesignPatterns.Patterns.Composite", "Patterns\Composite\DesignPatterns.Patterns.Composite\DesignPatterns.Patterns.Composite.csproj", "{80EED306-7E67-4452-8BD9-FB671D10B6A5}"
EndProject
Project("{FAE04EC0-301F-11D3-BF4B-00C04F79EFBC}") = "DesignPatterns.Patterns.Decorator", "Patterns\Decorator\DesignPatterns.Patterns.Decorator\DesignPatterns.Patterns.Decorator.csproj", "{CD21263A-DCE3-4841-BA41-EBDD9D088E98}"
EndProject
Global
	GlobalSection(SolutionConfigurationPlatforms) = preSolution
		Debug|Any CPU = Debug|Any CPU
		Release|Any CPU = Release|Any CPU
	EndGlobalSection
	GlobalSection(ProjectConfigurationPlatforms) = postSolution
		{C6373FAA-E43F-4A7D-BB7A-924408203F29}.Debug|Any CPU.ActiveCfg = Debug|Any CPU
		{C6373FAA-E43F-4A7D-BB7A-924408203F29}.Debug|Any CPU.Build.0 = Debug|Any CPU
		{C6373FAA-E43F-4A7D-BB7A-924408203F29}.Release|Any CPU.ActiveCfg = Release|Any CPU
		{C6373FAA-E43F-4A7D-BB7A-924408203F29}.Release|Any CPU.Build.0 = Release|Any CPU
		{A3E6D29B-BBC5-4EF2-A2C5-91752D44F1D9}.Debug|Any CPU.ActiveCfg = Debug|Any CPU
		{A3E6D29B-BBC5-4EF2-A2C5-91752D44F1D9}.Debug|Any CPU.Build.0 = Debug|Any CPU
		{A3E6D29B-BBC5-4EF2-A2C5-91752D44F1D9}.Release|Any CPU.ActiveCfg = Release|Any CPU
		{A3E6D29B-BBC5-4EF2-A2C5-91752D44F1D9}.Release|Any CPU.Build.0 = Release|Any CPU
		{5992C3A1-B333-4161-B2B4-CE62105708BF}.Debug|Any CPU.ActiveCfg = Debug|Any CPU
		{5992C3A1-B333-4161-B2B4-CE62105708BF}.Debug|Any CPU.Build.0 = Debug|Any CPU
		{5992C3A1-B333-4161-B2B4-CE62105708BF}.Release|Any CPU.ActiveCfg = Release|Any CPU
		{5992C3A1-B333-4161-B2B4-CE62105708BF}.Release|Any CPU.Build.0 = Release|Any CPU
		{1173F777-B3A6-4C06-A45B-BB72F5E1E1BE}.Debug|Any CPU.ActiveCfg = Debug|Any CPU
		{1173F777-B3A6-4C06-A45B-BB72F5E1E1BE}.Debug|Any CPU.Build.0 = Debug|Any CPU
		{1173F777-B3A6-4C06-A45B-BB72F5E1E1BE}.Release|Any CPU.ActiveCfg = Release|Any CPU
		{1173F777-B3A6-4C06-A45B-BB72F5E1E1BE}.Release|Any CPU.Build.0 = Release|Any CPU
		{919F67A9-C1CD-45D2-84C4-ACC920AE8CD8}.Debug|Any CPU.ActiveCfg = Debug|Any CPU
		{919F67A9-C1CD-45D2-84C4-ACC920AE8CD8}.Debug|Any CPU.Build.0 = Debug|Any CPU
		{919F67A9-C1CD-45D2-84C4-ACC920AE8CD8}.Release|Any CPU.ActiveCfg = Release|Any CPU
		{919F67A9-C1CD-45D2-84C4-ACC920AE8CD8}.Release|Any CPU.Build.0 = Release|Any CPU
		{E8605804-7C6B-4B40-AD7D-10568743B9D7}.Debug|Any CPU.ActiveCfg = Debug|Any CPU
		{E8605804-7C6B-4B40-AD7D-10568743B9D7}.Debug|Any CPU.Build.0 = Debug|Any CPU
		{E8605804-7C6B-4B40-AD7D-10568743B9D7}.Release|Any CPU.ActiveCfg = Release|Any CPU
		{E8605804-7C6B-4B40-AD7D-10568743B9D7}.Release|Any CPU.Build.0 = Release|Any CPU
		{88E3F42C-C580-4E06-B672-B01703211C10}.Debug|Any CPU.ActiveCfg = Debug|Any CPU
		{88E3F42C-C580-4E06-B672-B01703211C10}.Debug|Any CPU.Build.0 = Debug|Any CPU
		{88E3F42C-C580-4E06-B672-B01703211C10}.Release|Any CPU.ActiveCfg = Release|Any CPU
		{88E3F42C-C580-4E06-B672-B01703211C10}.Release|Any CPU.Build.0 = Release|Any CPU
		{C8E438E7-DE0F-4F4F-9485-D48FD5C5F6E9}.Debug|Any CPU.ActiveCfg = Debug|Any CPU
		{C8E438E7-DE0F-4F4F-9485-D48FD5C5F6E9}.Debug|Any CPU.Build.0 = Debug|Any CPU
		{C8E438E7-DE0F-4F4F-9485-D48FD5C5F6E9}.Release|Any CPU.ActiveCfg = Release|Any CPU
		{C8E438E7-DE0F-4F4F-9485-D48FD5C5F6E9}.Release|Any CPU.Build.0 = Release|Any CPU
		{31C08449-C95D-46C7-9185-71EEF7B3E08A}.Debug|Any CPU.ActiveCfg = Debug|Any CPU
		{31C08449-C95D-46C7-9185-71EEF7B3E08A}.Debug|Any CPU.Build.0 = Debug|Any CPU
		{31C08449-C95D-46C7-9185-71EEF7B3E08A}.Release|Any CPU.ActiveCfg = Release|Any CPU
		{31C08449-C95D-46C7-9185-71EEF7B3E08A}.Release|Any CPU.Build.0 = Release|Any CPU
		{80EED306-7E67-4452-8BD9-FB671D10B6A5}.Debug|Any CPU.ActiveCfg = Debug|Any CPU
		{80EED306-7E67-4452-8BD9-FB671D10B6A5}.Debug|Any CPU.Build.0 = Debug|Any CPU
		{80EED306-7E67-4452-8BD9-FB671D10B6A5}.Release|Any CPU.ActiveCfg = Release|Any CPU
		{80EED306-7E67-4452-8BD9-FB671D10B6A5}.Release|Any CPU.Build.0 = Release|Any CPU
		{CD21263A-DCE3-4841-BA41-EBDD9D088E98}.Debug|Any CPU.ActiveCfg = Debug|Any CPU
		{CD21263A-DCE3-4841-BA41-EBDD9D088E98}.Debug|Any CPU.Build.0 = Debug|Any CPU
		{CD21263A-DCE3-4841-BA41-EBDD9D088E98}.Release|Any CPU.ActiveCfg = Release|Any CPU
		{CD21263A-DCE3-4841-BA41-EBDD9D088E98}.Release|Any CPU.Build.0 = Release|Any CPU
	EndGlobalSection
	GlobalSection(SolutionProperties) = preSolution
		HideSolutionNode = FALSE
	EndGlobalSection
	GlobalSection(ExtensibilityGlobals) = postSolution
		SolutionGuid = {EFB0C905-AAD6-49FE-A4E5-50255E9C0F94}
	EndGlobalSection
EndGlobal
