
Microsoft Visual Studio Solution File, Format Version 12.00
# Visual Studio 15
VisualStudioVersion = 15.0.27004.2005
MinimumVisualStudioVersion = 10.0.40219.1
Project("{FAE04EC0-301F-11D3-BF4B-00C04F79EFBC}") = "DesignPatterns.Patterns.Singleton.Basic", "Patterns\Singleton\DesignPatterns.Patterns.BasicSingleton\DesignPatterns.Patterns.Singleton.Basic.csproj", "{C6373FAA-E43F-4A7D-BB7A-924408203F29}"
EndProject
Project("{FAE04EC0-301F-11D3-BF4B-00C04F79EFBC}") = "DesignPatterns.Patterns.Singleton.Config", "Patterns\Singleton\DesignPatterns.Patterns.Singleton.Config\DesignPatterns.Patterns.Singleton.Config.csproj", "{A3E6D29B-BBC5-4EF2-A2C5-91752D44F1D9}"
EndProject
Project("{FAE04EC0-301F-11D3-BF4B-00C04F79EFBC}") = "DesignPatterns.Patterns.FactoryMethod", "Patterns\FactoryMethod\DesignPatterns.Patterns.FactoryMethod\DesignPatterns.Patterns.FactoryMethod.csproj", "{5992C3A1-B333-4161-B2B4-CE62105708BF}"
EndProject
Project("{FAE04EC0-301F-11D3-BF4B-00C04F79EFBC}") = "DesignPatterns.Patterns.AbstractFactory", "Patterns\AbstractFactory\DesignPatterns.Patterns.AbstractFactory\DesignPatterns.Patterns.AbstractFactory.csproj", "{1173F777-B3A6-4C06-A45B-BB72F5E1E1BE}"
EndProject
Project("{FAE04EC0-301F-11D3-BF4B-00C04F79EFBC}") = "DesignPatterns.Patterns.Prototype", "Patterns\Prototype\DesignPatterns.Patterns.Prototype\DesignPatterns.Patterns.Prototype.csproj", "{919F67A9-C1CD-45D2-84C4-ACC920AE8CD8}"
EndProject
Project("{FAE04EC0-301F-11D3-BF4B-00C04F79EFBC}") = "DesignPatterns.Patterns.Builder", "Patterns\Builder\DesignPatterns.Patterns.Builder\DesignPatterns.Patterns.Builder.csproj", "{E8605804-7C6B-4B40-AD7D-10568743B9D7}"
EndProject
Project("{FAE04EC0-301F-11D3-BF4B-00C04F79EFBC}") = "DesignPatterns.Patterns.Adapter", "Patterns\Adapter\DesignPatterns.Patterns.Adapter\DesignPatterns.Patterns.Adapter.csproj", "{88E3F42C-C580-4E06-B672-B01703211C10}"
EndProject
Project("{FAE04EC0-301F-11D3-BF4B-00C04F79EFBC}") = "DesignPatterns.Patterns.Bridge", "Patterns\Bridge\DesignPatterns.Patterns.Bridge\DesignPatterns.Patterns.Bridge.csproj", "{C8E438E7-DE0F-4F4F-9485-D48FD5C5F6E9}"
EndProject
Project("{FAE04EC0-301F-11D3-BF4B-00C04F79EFBC}") = "DesignPatterns.Patterns.Bridge_2", "Patterns\Bridge\DesignPatterns.Patterns.Bridge_2\DesignPatterns.Patterns.Bridge_2.csproj", "{31C08449-C95D-46C7-9185-71EEF7B3E08A}"
EndProject
Project("{FAE04EC0-301F-11D3-BF4B-00C04F79EFBC}") = "DesignPatterns.Patterns.Composite", "Patterns\Composite\DesignPatterns.Patterns.Composite\DesignPatterns.Patterns.Composite.csproj", "{80EED306-7E67-4452-8BD9-FB671D10B6A5}"
EndProject
Project("{FAE04EC0-301F-11D3-BF4B-00C04F79EFBC}") = "DesignPatterns.Patterns.Decorator", "Patterns\Decorator\DesignPatterns.Patterns.Decorator\DesignPatterns.Patterns.Decorator.csproj", "{CD21263A-DCE3-4841-BA41-EBDD9D088E98}"
EndProject
Project("{FAE04EC0-301F-11D3-BF4B-00C04F79EFBC}") = "DesignPatterns.Patterns.Facade", "Patterns\Facade\DesignPatterns.Patterns.Facade\DesignPatterns.Patterns.Facade.csproj", "{282F88C2-DFD6-4B33-8B5C-48780617946E}"
EndProject
Project("{FAE04EC0-301F-11D3-BF4B-00C04F79EFBC}") = "DesignPatterns.Patterns.Proxy", "Patterns\Proxy\DesignPatterns.Patterns.Proxy\DesignPatterns.Patterns.Proxy.csproj", "{F999FFD0-BAA6-4FC5-8227-55D2EB42CC63}"
EndProject
Project("{FAE04EC0-301F-11D3-BF4B-00C04F79EFBC}") = "DesignPatterns.Patterns.Flyweight", "Patterns\Flyweight\DesignPatterns.Patterns.Flyweight\DesignPatterns.Patterns.Flyweight.csproj", "{FB24E8E3-0E8C-4717-A83D-64EBCDDDC353}"
EndProject
Project("{FAE04EC0-301F-11D3-BF4B-00C04F79EFBC}") = "DesignPatterns.Patterns.ChainOfResponsab", "Patterns\ChainOfResponsability\DesignPatterns.Patterns.ChainOfResponsab\DesignPatterns.Patterns.ChainOfResponsab.csproj", "{FD7F33DB-4147-473A-9C13-57692520AEC5}"
EndProject
Project("{FAE04EC0-301F-11D3-BF4B-00C04F79EFBC}") = "DesignPatterns.Patterns.Command", "Patterns\Command\DesignPatterns.Patterns.Command\DesignPatterns.Patterns.Command.csproj", "{8CA9330C-54D6-404F-A58B-3182F583BFF8}"
EndProject
Project("{FAE04EC0-301F-11D3-BF4B-00C04F79EFBC}") = "DesignPatterns.Patterns.Interpreter", "Patterns\Interpreter\DesignPatterns.Patterns.Interpreter\DesignPatterns.Patterns.Interpreter.csproj", "{24CC46F2-BB41-44E6-B248-9164ACE34922}"
EndProject
Project("{FAE04EC0-301F-11D3-BF4B-00C04F79EFBC}") = "DessignPatterns.Patterns.Iterator", "Patterns\Iterator\DessignPatterns.Patterns.Iterator\DessignPatterns.Patterns.Iterator.csproj", "{9A8F4783-B712-4013-9E63-E3F462FCDCF9}"
EndProject
Project("{FAE04EC0-301F-11D3-BF4B-00C04F79EFBC}") = "DesignPatterns.Patterns.Mediator", "Patterns\Mediator\DesignPatterns.Patterns.Mediator\DesignPatterns.Patterns.Mediator.csproj", "{D701149E-2FCA-4117-8600-4C0CB071A829}"
EndProject
Project("{FAE04EC0-301F-11D3-BF4B-00C04F79EFBC}") = "DesignPatterns.Patterns.Memento", "Patterns\Memento\DesignPatterns.Patterns.Memento\DesignPatterns.Patterns.Memento.csproj", "{DB8FC817-FD9F-44E2-AB96-36D31C28E321}"
EndProject
Project("{FAE04EC0-301F-11D3-BF4B-00C04F79EFBC}") = "DesignPatterns.Patterns.Observer", "Patterns\Observer\DesignPatterns.Patterns.Observer\DesignPatterns.Patterns.Observer.csproj", "{C5F833C1-4683-4B15-8AA9-90C3094B5111}"
EndProject
Project("{FAE04EC0-301F-11D3-BF4B-00C04F79EFBC}") = "DesignPatterns.Patterns.State", "Patterns\State\DesignPatterns.Patterns.State\DesignPatterns.Patterns.State.csproj", "{B3DC5D3B-C923-4969-8BD8-D850C741CFE4}"
EndProject
Project("{FAE04EC0-301F-11D3-BF4B-00C04F79EFBC}") = "DesignPatterns.Patterns.State_2", "Patterns\State\DesignPatterns.Patterns.State_2\DesignPatterns.Patterns.State_2.csproj", "{FA2CC401-2B3A-4308-B119-6D55646E5F5D}"
EndProject
Global
	GlobalSection(SolutionConfigurationPlatforms) = preSolution
		Debug|Any CPU = Debug|Any CPU
		Release|Any CPU = Release|Any CPU
	EndGlobalSection
	GlobalSection(ProjectConfigurationPlatforms) = postSolution
		{C6373FAA-E43F-4A7D-BB7A-924408203F29}.Debug|Any CPU.ActiveCfg = Debug|Any CPU
		{C6373FAA-E43F-4A7D-BB7A-924408203F29}.Debug|Any CPU.Build.0 = Debug|Any CPU
		{C6373FAA-E43F-4A7D-BB7A-924408203F29}.Release|Any CPU.ActiveCfg = Release|Any CPU
		{C6373FAA-E43F-4A7D-BB7A-924408203F29}.Release|Any CPU.Build.0 = Release|Any CPU
		{A3E6D29B-BBC5-4EF2-A2C5-91752D44F1D9}.Debug|Any CPU.ActiveCfg = Debug|Any CPU
		{A3E6D29B-BBC5-4EF2-A2C5-91752D44F1D9}.Debug|Any CPU.Build.0 = Debug|Any CPU
		{A3E6D29B-BBC5-4EF2-A2C5-91752D44F1D9}.Release|Any CPU.ActiveCfg = Release|Any CPU
		{A3E6D29B-BBC5-4EF2-A2C5-91752D44F1D9}.Release|Any CPU.Build.0 = Release|Any CPU
		{5992C3A1-B333-4161-B2B4-CE62105708BF}.Debug|Any CPU.ActiveCfg = Debug|Any CPU
		{5992C3A1-B333-4161-B2B4-CE62105708BF}.Debug|Any CPU.Build.0 = Debug|Any CPU
		{5992C3A1-B333-4161-B2B4-CE62105708BF}.Release|Any CPU.ActiveCfg = Release|Any CPU
		{5992C3A1-B333-4161-B2B4-CE62105708BF}.Release|Any CPU.Build.0 = Release|Any CPU
		{1173F777-B3A6-4C06-A45B-BB72F5E1E1BE}.Debug|Any CPU.ActiveCfg = Debug|Any CPU
		{1173F777-B3A6-4C06-A45B-BB72F5E1E1BE}.Debug|Any CPU.Build.0 = Debug|Any CPU
		{1173F777-B3A6-4C06-A45B-BB72F5E1E1BE}.Release|Any CPU.ActiveCfg = Release|Any CPU
		{1173F777-B3A6-4C06-A45B-BB72F5E1E1BE}.Release|Any CPU.Build.0 = Release|Any CPU
		{919F67A9-C1CD-45D2-84C4-ACC920AE8CD8}.Debug|Any CPU.ActiveCfg = Debug|Any CPU
		{919F67A9-C1CD-45D2-84C4-ACC920AE8CD8}.Debug|Any CPU.Build.0 = Debug|Any CPU
		{919F67A9-C1CD-45D2-84C4-ACC920AE8CD8}.Release|Any CPU.ActiveCfg = Release|Any CPU
		{919F67A9-C1CD-45D2-84C4-ACC920AE8CD8}.Release|Any CPU.Build.0 = Release|Any CPU
		{E8605804-7C6B-4B40-AD7D-10568743B9D7}.Debug|Any CPU.ActiveCfg = Debug|Any CPU
		{E8605804-7C6B-4B40-AD7D-10568743B9D7}.Debug|Any CPU.Build.0 = Debug|Any CPU
		{E8605804-7C6B-4B40-AD7D-10568743B9D7}.Release|Any CPU.ActiveCfg = Release|Any CPU
		{E8605804-7C6B-4B40-AD7D-10568743B9D7}.Release|Any CPU.Build.0 = Release|Any CPU
		{88E3F42C-C580-4E06-B672-B01703211C10}.Debug|Any CPU.ActiveCfg = Debug|Any CPU
		{88E3F42C-C580-4E06-B672-B01703211C10}.Debug|Any CPU.Build.0 = Debug|Any CPU
		{88E3F42C-C580-4E06-B672-B01703211C10}.Release|Any CPU.ActiveCfg = Release|Any CPU
		{88E3F42C-C580-4E06-B672-B01703211C10}.Release|Any CPU.Build.0 = Release|Any CPU
		{C8E438E7-DE0F-4F4F-9485-D48FD5C5F6E9}.Debug|Any CPU.ActiveCfg = Debug|Any CPU
		{C8E438E7-DE0F-4F4F-9485-D48FD5C5F6E9}.Debug|Any CPU.Build.0 = Debug|Any CPU
		{C8E438E7-DE0F-4F4F-9485-D48FD5C5F6E9}.Release|Any CPU.ActiveCfg = Release|Any CPU
		{C8E438E7-DE0F-4F4F-9485-D48FD5C5F6E9}.Release|Any CPU.Build.0 = Release|Any CPU
		{31C08449-C95D-46C7-9185-71EEF7B3E08A}.Debug|Any CPU.ActiveCfg = Debug|Any CPU
		{31C08449-C95D-46C7-9185-71EEF7B3E08A}.Debug|Any CPU.Build.0 = Debug|Any CPU
		{31C08449-C95D-46C7-9185-71EEF7B3E08A}.Release|Any CPU.ActiveCfg = Release|Any CPU
		{31C08449-C95D-46C7-9185-71EEF7B3E08A}.Release|Any CPU.Build.0 = Release|Any CPU
		{80EED306-7E67-4452-8BD9-FB671D10B6A5}.Debug|Any CPU.ActiveCfg = Debug|Any CPU
		{80EED306-7E67-4452-8BD9-FB671D10B6A5}.Debug|Any CPU.Build.0 = Debug|Any CPU
		{80EED306-7E67-4452-8BD9-FB671D10B6A5}.Release|Any CPU.ActiveCfg = Release|Any CPU
		{80EED306-7E67-4452-8BD9-FB671D10B6A5}.Release|Any CPU.Build.0 = Release|Any CPU
		{CD21263A-DCE3-4841-BA41-EBDD9D088E98}.Debug|Any CPU.ActiveCfg = Debug|Any CPU
		{CD21263A-DCE3-4841-BA41-EBDD9D088E98}.Debug|Any CPU.Build.0 = Debug|Any CPU
		{CD21263A-DCE3-4841-BA41-EBDD9D088E98}.Release|Any CPU.ActiveCfg = Release|Any CPU
		{CD21263A-DCE3-4841-BA41-EBDD9D088E98}.Release|Any CPU.Build.0 = Release|Any CPU
		{282F88C2-DFD6-4B33-8B5C-48780617946E}.Debug|Any CPU.ActiveCfg = Debug|Any CPU
		{282F88C2-DFD6-4B33-8B5C-48780617946E}.Debug|Any CPU.Build.0 = Debug|Any CPU
		{282F88C2-DFD6-4B33-8B5C-48780617946E}.Release|Any CPU.ActiveCfg = Release|Any CPU
		{282F88C2-DFD6-4B33-8B5C-48780617946E}.Release|Any CPU.Build.0 = Release|Any CPU
		{F999FFD0-BAA6-4FC5-8227-55D2EB42CC63}.Debug|Any CPU.ActiveCfg = Debug|Any CPU
		{F999FFD0-BAA6-4FC5-8227-55D2EB42CC63}.Debug|Any CPU.Build.0 = Debug|Any CPU
		{F999FFD0-BAA6-4FC5-8227-55D2EB42CC63}.Release|Any CPU.ActiveCfg = Release|Any CPU
		{F999FFD0-BAA6-4FC5-8227-55D2EB42CC63}.Release|Any CPU.Build.0 = Release|Any CPU
		{FB24E8E3-0E8C-4717-A83D-64EBCDDDC353}.Debug|Any CPU.ActiveCfg = Debug|Any CPU
		{FB24E8E3-0E8C-4717-A83D-64EBCDDDC353}.Debug|Any CPU.Build.0 = Debug|Any CPU
		{FB24E8E3-0E8C-4717-A83D-64EBCDDDC353}.Release|Any CPU.ActiveCfg = Release|Any CPU
		{FB24E8E3-0E8C-4717-A83D-64EBCDDDC353}.Release|Any CPU.Build.0 = Release|Any CPU
		{FD7F33DB-4147-473A-9C13-57692520AEC5}.Debug|Any CPU.ActiveCfg = Debug|Any CPU
		{FD7F33DB-4147-473A-9C13-57692520AEC5}.Debug|Any CPU.Build.0 = Debug|Any CPU
		{FD7F33DB-4147-473A-9C13-57692520AEC5}.Release|Any CPU.ActiveCfg = Release|Any CPU
		{FD7F33DB-4147-473A-9C13-57692520AEC5}.Release|Any CPU.Build.0 = Release|Any CPU
		{8CA9330C-54D6-404F-A58B-3182F583BFF8}.Debug|Any CPU.ActiveCfg = Debug|Any CPU
		{8CA9330C-54D6-404F-A58B-3182F583BFF8}.Debug|Any CPU.Build.0 = Debug|Any CPU
		{8CA9330C-54D6-404F-A58B-3182F583BFF8}.Release|Any CPU.ActiveCfg = Release|Any CPU
		{8CA9330C-54D6-404F-A58B-3182F583BFF8}.Release|Any CPU.Build.0 = Release|Any CPU
		{24CC46F2-BB41-44E6-B248-9164ACE34922}.Debug|Any CPU.ActiveCfg = Debug|Any CPU
		{24CC46F2-BB41-44E6-B248-9164ACE34922}.Debug|Any CPU.Build.0 = Debug|Any CPU
		{24CC46F2-BB41-44E6-B248-9164ACE34922}.Release|Any CPU.ActiveCfg = Release|Any CPU
		{24CC46F2-BB41-44E6-B248-9164ACE34922}.Release|Any CPU.Build.0 = Release|Any CPU
		{9A8F4783-B712-4013-9E63-E3F462FCDCF9}.Debug|Any CPU.ActiveCfg = Debug|Any CPU
		{9A8F4783-B712-4013-9E63-E3F462FCDCF9}.Debug|Any CPU.Build.0 = Debug|Any CPU
		{9A8F4783-B712-4013-9E63-E3F462FCDCF9}.Release|Any CPU.ActiveCfg = Release|Any CPU
		{9A8F4783-B712-4013-9E63-E3F462FCDCF9}.Release|Any CPU.Build.0 = Release|Any CPU
		{D701149E-2FCA-4117-8600-4C0CB071A829}.Debug|Any CPU.ActiveCfg = Debug|Any CPU
		{D701149E-2FCA-4117-8600-4C0CB071A829}.Debug|Any CPU.Build.0 = Debug|Any CPU
		{D701149E-2FCA-4117-8600-4C0CB071A829}.Release|Any CPU.ActiveCfg = Release|Any CPU
		{D701149E-2FCA-4117-8600-4C0CB071A829}.Release|Any CPU.Build.0 = Release|Any CPU
		{DB8FC817-FD9F-44E2-AB96-36D31C28E321}.Debug|Any CPU.ActiveCfg = Debug|Any CPU
		{DB8FC817-FD9F-44E2-AB96-36D31C28E321}.Debug|Any CPU.Build.0 = Debug|Any CPU
		{DB8FC817-FD9F-44E2-AB96-36D31C28E321}.Release|Any CPU.ActiveCfg = Release|Any CPU
		{DB8FC817-FD9F-44E2-AB96-36D31C28E321}.Release|Any CPU.Build.0 = Release|Any CPU
		{C5F833C1-4683-4B15-8AA9-90C3094B5111}.Debug|Any CPU.ActiveCfg = Debug|Any CPU
		{C5F833C1-4683-4B15-8AA9-90C3094B5111}.Debug|Any CPU.Build.0 = Debug|Any CPU
		{C5F833C1-4683-4B15-8AA9-90C3094B5111}.Release|Any CPU.ActiveCfg = Release|Any CPU
		{C5F833C1-4683-4B15-8AA9-90C3094B5111}.Release|Any CPU.Build.0 = Release|Any CPU
		{B3DC5D3B-C923-4969-8BD8-D850C741CFE4}.Debug|Any CPU.ActiveCfg = Debug|Any CPU
		{B3DC5D3B-C923-4969-8BD8-D850C741CFE4}.Debug|Any CPU.Build.0 = Debug|Any CPU
		{B3DC5D3B-C923-4969-8BD8-D850C741CFE4}.Release|Any CPU.ActiveCfg = Release|Any CPU
		{B3DC5D3B-C923-4969-8BD8-D850C741CFE4}.Release|Any CPU.Build.0 = Release|Any CPU
		{FA2CC401-2B3A-4308-B119-6D55646E5F5D}.Debug|Any CPU.ActiveCfg = Debug|Any CPU
		{FA2CC401-2B3A-4308-B119-6D55646E5F5D}.Debug|Any CPU.Build.0 = Debug|Any CPU
		{FA2CC401-2B3A-4308-B119-6D55646E5F5D}.Release|Any CPU.ActiveCfg = Release|Any CPU
		{FA2CC401-2B3A-4308-B119-6D55646E5F5D}.Release|Any CPU.Build.0 = Release|Any CPU
	EndGlobalSection
	GlobalSection(SolutionProperties) = preSolution
		HideSolutionNode = FALSE
	EndGlobalSection
	GlobalSection(ExtensibilityGlobals) = postSolution
		SolutionGuid = {EFB0C905-AAD6-49FE-A4E5-50255E9C0F94}
	EndGlobalSection
EndGlobal
