
Microsoft Visual Studio Solution File, Format Version 12.00
# Visual Studio 15
VisualStudioVersion = 15.0.26730.16
MinimumVisualStudioVersion = 10.0.40219.1
Project("{FAE04EC0-301F-11D3-BF4B-00C04F79EFBC}") = "DesignPatterns.Patterns.Singleton.Basic", "Patterns\Singleton\DesignPatterns.Patterns.BasicSingleton\DesignPatterns.Patterns.Singleton.Basic.csproj", "{C6373FAA-E43F-4A7D-BB7A-924408203F29}"
EndProject
Project("{FAE04EC0-301F-11D3-BF4B-00C04F79EFBC}") = "DesignPatterns.Patterns.Singleton.Config", "Patterns\Singleton\DesignPatterns.Patterns.Singleton.Config\DesignPatterns.Patterns.Singleton.Config.csproj", "{A3E6D29B-BBC5-4EF2-A2C5-91752D44F1D9}"
EndProject
Global
	GlobalSection(SolutionConfigurationPlatforms) = preSolution
		Debug|Any CPU = Debug|Any CPU
		Release|Any CPU = Release|Any CPU
	EndGlobalSection
	GlobalSection(ProjectConfigurationPlatforms) = postSolution
		{C6373FAA-E43F-4A7D-BB7A-924408203F29}.Debug|Any CPU.ActiveCfg = Debug|Any CPU
		{C6373FAA-E43F-4A7D-BB7A-924408203F29}.Debug|Any CPU.Build.0 = Debug|Any CPU
		{C6373FAA-E43F-4A7D-BB7A-924408203F29}.Release|Any CPU.ActiveCfg = Release|Any CPU
		{C6373FAA-E43F-4A7D-BB7A-924408203F29}.Release|Any CPU.Build.0 = Release|Any CPU
		{A3E6D29B-BBC5-4EF2-A2C5-91752D44F1D9}.Debug|Any CPU.ActiveCfg = Debug|Any CPU
		{A3E6D29B-BBC5-4EF2-A2C5-91752D44F1D9}.Debug|Any CPU.Build.0 = Debug|Any CPU
		{A3E6D29B-BBC5-4EF2-A2C5-91752D44F1D9}.Release|Any CPU.ActiveCfg = Release|Any CPU
		{A3E6D29B-BBC5-4EF2-A2C5-91752D44F1D9}.Release|Any CPU.Build.0 = Release|Any CPU
	EndGlobalSection
	GlobalSection(SolutionProperties) = preSolution
		HideSolutionNode = FALSE
	EndGlobalSection
	GlobalSection(ExtensibilityGlobals) = postSolution
		SolutionGuid = {EFB0C905-AAD6-49FE-A4E5-50255E9C0F94}
	EndGlobalSection
EndGlobal
